
Microsoft Visual Studio Solution File, Format Version 12.00
# Visual Studio Version 16
VisualStudioVersion = 16.0.29319.158
MinimumVisualStudioVersion = 10.0.40219.1
Project("{9A19103F-16F7-4668-BE54-9A1E7A4F7556}") = "OnSale.Common", "OnSale.Common\OnSale.Common.csproj", "{DE41A3C3-C9AB-44F9-8F0A-D6C0585911BD}"
EndProject
Project("{9A19103F-16F7-4668-BE54-9A1E7A4F7556}") = "OnSale.Web", "OnSale.Web\OnSale.Web.csproj", "{A421B2B6-863E-42DB-8401-56B71E6B1242}"
EndProject
Project("{9A19103F-16F7-4668-BE54-9A1E7A4F7556}") = "OnSale.Prism", "OnSale.Prism\OnSale.Prism\OnSale.Prism.csproj", "{9BE7BC47-E096-4B63-813A-6B3A2D7D2096}"
EndProject
Project("{FAE04EC0-301F-11D3-BF4B-00C04F79EFBC}") = "OnSale.Prism.Android", "OnSale.Prism\OnSale.Prism.Android\OnSale.Prism.Android.csproj", "{2B31F5D3-3CEF-4D51-9709-A27E2BFC2E64}"
EndProject
Project("{FAE04EC0-301F-11D3-BF4B-00C04F79EFBC}") = "OnSale.Prism.iOS", "OnSale.Prism\OnSale.Prism.iOS\OnSale.Prism.iOS.csproj", "{9F85F70D-58C5-4FFB-B3CA-C14A83916676}"
EndProject
Global
	GlobalSection(SolutionConfigurationPlatforms) = preSolution
		Ad-Hoc|Any CPU = Ad-Hoc|Any CPU
		Ad-Hoc|iPhone = Ad-Hoc|iPhone
		Ad-Hoc|iPhoneSimulator = Ad-Hoc|iPhoneSimulator
		AppStore|Any CPU = AppStore|Any CPU
		AppStore|iPhone = AppStore|iPhone
		AppStore|iPhoneSimulator = AppStore|iPhoneSimulator
		Debug|Any CPU = Debug|Any CPU
		Debug|iPhone = Debug|iPhone
		Debug|iPhoneSimulator = Debug|iPhoneSimulator
		Release|Any CPU = Release|Any CPU
		Release|iPhone = Release|iPhone
		Release|iPhoneSimulator = Release|iPhoneSimulator
	EndGlobalSection
	GlobalSection(ProjectConfigurationPlatforms) = postSolution
		{DE41A3C3-C9AB-44F9-8F0A-D6C0585911BD}.Ad-Hoc|Any CPU.ActiveCfg = Release|Any CPU
		{DE41A3C3-C9AB-44F9-8F0A-D6C0585911BD}.Ad-Hoc|Any CPU.Build.0 = Release|Any CPU
		{DE41A3C3-C9AB-44F9-8F0A-D6C0585911BD}.Ad-Hoc|iPhone.ActiveCfg = Release|Any CPU
		{DE41A3C3-C9AB-44F9-8F0A-D6C0585911BD}.Ad-Hoc|iPhone.Build.0 = Release|Any CPU
		{DE41A3C3-C9AB-44F9-8F0A-D6C0585911BD}.Ad-Hoc|iPhoneSimulator.ActiveCfg = Release|Any CPU
		{DE41A3C3-C9AB-44F9-8F0A-D6C0585911BD}.Ad-Hoc|iPhoneSimulator.Build.0 = Release|Any CPU
		{DE41A3C3-C9AB-44F9-8F0A-D6C0585911BD}.AppStore|Any CPU.ActiveCfg = Release|Any CPU
		{DE41A3C3-C9AB-44F9-8F0A-D6C0585911BD}.AppStore|Any CPU.Build.0 = Release|Any CPU
		{DE41A3C3-C9AB-44F9-8F0A-D6C0585911BD}.AppStore|iPhone.ActiveCfg = Release|Any CPU
		{DE41A3C3-C9AB-44F9-8F0A-D6C0585911BD}.AppStore|iPhone.Build.0 = Release|Any CPU
		{DE41A3C3-C9AB-44F9-8F0A-D6C0585911BD}.AppStore|iPhoneSimulator.ActiveCfg = Release|Any CPU
		{DE41A3C3-C9AB-44F9-8F0A-D6C0585911BD}.AppStore|iPhoneSimulator.Build.0 = Release|Any CPU
		{DE41A3C3-C9AB-44F9-8F0A-D6C0585911BD}.Debug|Any CPU.ActiveCfg = Debug|Any CPU
		{DE41A3C3-C9AB-44F9-8F0A-D6C0585911BD}.Debug|Any CPU.Build.0 = Debug|Any CPU
		{DE41A3C3-C9AB-44F9-8F0A-D6C0585911BD}.Debug|iPhone.ActiveCfg = Debug|Any CPU
		{DE41A3C3-C9AB-44F9-8F0A-D6C0585911BD}.Debug|iPhone.Build.0 = Debug|Any CPU
		{DE41A3C3-C9AB-44F9-8F0A-D6C0585911BD}.Debug|iPhoneSimulator.ActiveCfg = Debug|Any CPU
		{DE41A3C3-C9AB-44F9-8F0A-D6C0585911BD}.Debug|iPhoneSimulator.Build.0 = Debug|Any CPU
		{DE41A3C3-C9AB-44F9-8F0A-D6C0585911BD}.Release|Any CPU.ActiveCfg = Release|Any CPU
		{DE41A3C3-C9AB-44F9-8F0A-D6C0585911BD}.Release|Any CPU.Build.0 = Release|Any CPU
		{DE41A3C3-C9AB-44F9-8F0A-D6C0585911BD}.Release|iPhone.ActiveCfg = Release|Any CPU
		{DE41A3C3-C9AB-44F9-8F0A-D6C0585911BD}.Release|iPhone.Build.0 = Release|Any CPU
		{DE41A3C3-C9AB-44F9-8F0A-D6C0585911BD}.Release|iPhoneSimulator.ActiveCfg = Release|Any CPU
		{DE41A3C3-C9AB-44F9-8F0A-D6C0585911BD}.Release|iPhoneSimulator.Build.0 = Release|Any CPU
		{A421B2B6-863E-42DB-8401-56B71E6B1242}.Ad-Hoc|Any CPU.ActiveCfg = Release|Any CPU
		{A421B2B6-863E-42DB-8401-56B71E6B1242}.Ad-Hoc|Any CPU.Build.0 = Release|Any CPU
		{A421B2B6-863E-42DB-8401-56B71E6B1242}.Ad-Hoc|iPhone.ActiveCfg = Release|Any CPU
		{A421B2B6-863E-42DB-8401-56B71E6B1242}.Ad-Hoc|iPhone.Build.0 = Release|Any CPU
		{A421B2B6-863E-42DB-8401-56B71E6B1242}.Ad-Hoc|iPhoneSimulator.ActiveCfg = Release|Any CPU
		{A421B2B6-863E-42DB-8401-56B71E6B1242}.Ad-Hoc|iPhoneSimulator.Build.0 = Release|Any CPU
		{A421B2B6-863E-42DB-8401-56B71E6B1242}.AppStore|Any CPU.ActiveCfg = Release|Any CPU
		{A421B2B6-863E-42DB-8401-56B71E6B1242}.AppStore|Any CPU.Build.0 = Release|Any CPU
		{A421B2B6-863E-42DB-8401-56B71E6B1242}.AppStore|iPhone.ActiveCfg = Release|Any CPU
		{A421B2B6-863E-42DB-8401-56B71E6B1242}.AppStore|iPhone.Build.0 = Release|Any CPU
		{A421B2B6-863E-42DB-8401-56B71E6B1242}.AppStore|iPhoneSimulator.ActiveCfg = Release|Any CPU
		{A421B2B6-863E-42DB-8401-56B71E6B1242}.AppStore|iPhoneSimulator.Build.0 = Release|Any CPU
		{A421B2B6-863E-42DB-8401-56B71E6B1242}.Debug|Any CPU.ActiveCfg = Debug|Any CPU
		{A421B2B6-863E-42DB-8401-56B71E6B1242}.Debug|Any CPU.Build.0 = Debug|Any CPU
		{A421B2B6-863E-42DB-8401-56B71E6B1242}.Debug|iPhone.ActiveCfg = Debug|Any CPU
		{A421B2B6-863E-42DB-8401-56B71E6B1242}.Debug|iPhone.Build.0 = Debug|Any CPU
		{A421B2B6-863E-42DB-8401-56B71E6B1242}.Debug|iPhoneSimulator.ActiveCfg = Debug|Any CPU
		{A421B2B6-863E-42DB-8401-56B71E6B1242}.Debug|iPhoneSimulator.Build.0 = Debug|Any CPU
		{A421B2B6-863E-42DB-8401-56B71E6B1242}.Release|Any CPU.ActiveCfg = Release|Any CPU
		{A421B2B6-863E-42DB-8401-56B71E6B1242}.Release|Any CPU.Build.0 = Release|Any CPU
		{A421B2B6-863E-42DB-8401-56B71E6B1242}.Release|iPhone.ActiveCfg = Release|Any CPU
		{A421B2B6-863E-42DB-8401-56B71E6B1242}.Release|iPhone.Build.0 = Release|Any CPU
		{A421B2B6-863E-42DB-8401-56B71E6B1242}.Release|iPhoneSimulator.ActiveCfg = Release|Any CPU
		{A421B2B6-863E-42DB-8401-56B71E6B1242}.Release|iPhoneSimulator.Build.0 = Release|Any CPU
		{9BE7BC47-E096-4B63-813A-6B3A2D7D2096}.Ad-Hoc|Any CPU.ActiveCfg = Debug|Any CPU
		{9BE7BC47-E096-4B63-813A-6B3A2D7D2096}.Ad-Hoc|Any CPU.Build.0 = Debug|Any CPU
		{9BE7BC47-E096-4B63-813A-6B3A2D7D2096}.Ad-Hoc|iPhone.ActiveCfg = Debug|Any CPU
		{9BE7BC47-E096-4B63-813A-6B3A2D7D2096}.Ad-Hoc|iPhone.Build.0 = Debug|Any CPU
		{9BE7BC47-E096-4B63-813A-6B3A2D7D2096}.Ad-Hoc|iPhoneSimulator.ActiveCfg = Debug|Any CPU
		{9BE7BC47-E096-4B63-813A-6B3A2D7D2096}.Ad-Hoc|iPhoneSimulator.Build.0 = Debug|Any CPU
		{9BE7BC47-E096-4B63-813A-6B3A2D7D2096}.AppStore|Any CPU.ActiveCfg = Debug|Any CPU
		{9BE7BC47-E096-4B63-813A-6B3A2D7D2096}.AppStore|Any CPU.Build.0 = Debug|Any CPU
		{9BE7BC47-E096-4B63-813A-6B3A2D7D2096}.AppStore|iPhone.ActiveCfg = Debug|Any CPU
		{9BE7BC47-E096-4B63-813A-6B3A2D7D2096}.AppStore|iPhone.Build.0 = Debug|Any CPU
		{9BE7BC47-E096-4B63-813A-6B3A2D7D2096}.AppStore|iPhoneSimulator.ActiveCfg = Debug|Any CPU
		{9BE7BC47-E096-4B63-813A-6B3A2D7D2096}.AppStore|iPhoneSimulator.Build.0 = Debug|Any CPU
		{9BE7BC47-E096-4B63-813A-6B3A2D7D2096}.Debug|Any CPU.ActiveCfg = Debug|Any CPU
		{9BE7BC47-E096-4B63-813A-6B3A2D7D2096}.Debug|Any CPU.Build.0 = Debug|Any CPU
		{9BE7BC47-E096-4B63-813A-6B3A2D7D2096}.Debug|iPhone.ActiveCfg = Debug|Any CPU
		{9BE7BC47-E096-4B63-813A-6B3A2D7D2096}.Debug|iPhone.Build.0 = Debug|Any CPU
		{9BE7BC47-E096-4B63-813A-6B3A2D7D2096}.Debug|iPhoneSimulator.ActiveCfg = Debug|Any CPU
		{9BE7BC47-E096-4B63-813A-6B3A2D7D2096}.Debug|iPhoneSimulator.Build.0 = Debug|Any CPU
		{9BE7BC47-E096-4B63-813A-6B3A2D7D2096}.Release|Any CPU.ActiveCfg = Release|Any CPU
		{9BE7BC47-E096-4B63-813A-6B3A2D7D2096}.Release|Any CPU.Build.0 = Release|Any CPU
		{9BE7BC47-E096-4B63-813A-6B3A2D7D2096}.Release|iPhone.ActiveCfg = Release|Any CPU
		{9BE7BC47-E096-4B63-813A-6B3A2D7D2096}.Release|iPhone.Build.0 = Release|Any CPU
		{9BE7BC47-E096-4B63-813A-6B3A2D7D2096}.Release|iPhoneSimulator.ActiveCfg = Release|Any CPU
		{9BE7BC47-E096-4B63-813A-6B3A2D7D2096}.Release|iPhoneSimulator.Build.0 = Release|Any CPU
		{2B31F5D3-3CEF-4D51-9709-A27E2BFC2E64}.Ad-Hoc|Any CPU.ActiveCfg = Release|Any CPU
		{2B31F5D3-3CEF-4D51-9709-A27E2BFC2E64}.Ad-Hoc|Any CPU.Build.0 = Release|Any CPU
		{2B31F5D3-3CEF-4D51-9709-A27E2BFC2E64}.Ad-Hoc|Any CPU.Deploy.0 = Release|Any CPU
		{2B31F5D3-3CEF-4D51-9709-A27E2BFC2E64}.Ad-Hoc|iPhone.ActiveCfg = Release|Any CPU
		{2B31F5D3-3CEF-4D51-9709-A27E2BFC2E64}.Ad-Hoc|iPhone.Build.0 = Release|Any CPU
		{2B31F5D3-3CEF-4D51-9709-A27E2BFC2E64}.Ad-Hoc|iPhone.Deploy.0 = Release|Any CPU
		{2B31F5D3-3CEF-4D51-9709-A27E2BFC2E64}.Ad-Hoc|iPhoneSimulator.ActiveCfg = Release|Any CPU
		{2B31F5D3-3CEF-4D51-9709-A27E2BFC2E64}.Ad-Hoc|iPhoneSimulator.Build.0 = Release|Any CPU
		{2B31F5D3-3CEF-4D51-9709-A27E2BFC2E64}.Ad-Hoc|iPhoneSimulator.Deploy.0 = Release|Any CPU
		{2B31F5D3-3CEF-4D51-9709-A27E2BFC2E64}.AppStore|Any CPU.ActiveCfg = Release|Any CPU
		{2B31F5D3-3CEF-4D51-9709-A27E2BFC2E64}.AppStore|Any CPU.Build.0 = Release|Any CPU
		{2B31F5D3-3CEF-4D51-9709-A27E2BFC2E64}.AppStore|Any CPU.Deploy.0 = Release|Any CPU
		{2B31F5D3-3CEF-4D51-9709-A27E2BFC2E64}.AppStore|iPhone.ActiveCfg = Release|Any CPU
		{2B31F5D3-3CEF-4D51-9709-A27E2BFC2E64}.AppStore|iPhone.Build.0 = Release|Any CPU
		{2B31F5D3-3CEF-4D51-9709-A27E2BFC2E64}.AppStore|iPhone.Deploy.0 = Release|Any CPU
		{2B31F5D3-3CEF-4D51-9709-A27E2BFC2E64}.AppStore|iPhoneSimulator.ActiveCfg = Release|Any CPU
		{2B31F5D3-3CEF-4D51-9709-A27E2BFC2E64}.AppStore|iPhoneSimulator.Build.0 = Release|Any CPU
		{2B31F5D3-3CEF-4D51-9709-A27E2BFC2E64}.AppStore|iPhoneSimulator.Deploy.0 = Release|Any CPU
		{2B31F5D3-3CEF-4D51-9709-A27E2BFC2E64}.Debug|Any CPU.ActiveCfg = Debug|Any CPU
		{2B31F5D3-3CEF-4D51-9709-A27E2BFC2E64}.Debug|Any CPU.Build.0 = Debug|Any CPU
		{2B31F5D3-3CEF-4D51-9709-A27E2BFC2E64}.Debug|Any CPU.Deploy.0 = Debug|Any CPU
		{2B31F5D3-3CEF-4D51-9709-A27E2BFC2E64}.Debug|iPhone.ActiveCfg = Debug|Any CPU
		{2B31F5D3-3CEF-4D51-9709-A27E2BFC2E64}.Debug|iPhone.Build.0 = Debug|Any CPU
		{2B31F5D3-3CEF-4D51-9709-A27E2BFC2E64}.Debug|iPhone.Deploy.0 = Debug|Any CPU
		{2B31F5D3-3CEF-4D51-9709-A27E2BFC2E64}.Debug|iPhoneSimulator.ActiveCfg = Debug|Any CPU
		{2B31F5D3-3CEF-4D51-9709-A27E2BFC2E64}.Debug|iPhoneSimulator.Build.0 = Debug|Any CPU
		{2B31F5D3-3CEF-4D51-9709-A27E2BFC2E64}.Debug|iPhoneSimulator.Deploy.0 = Debug|Any CPU
		{2B31F5D3-3CEF-4D51-9709-A27E2BFC2E64}.Release|Any CPU.ActiveCfg = Release|Any CPU
		{2B31F5D3-3CEF-4D51-9709-A27E2BFC2E64}.Release|Any CPU.Build.0 = Release|Any CPU
		{2B31F5D3-3CEF-4D51-9709-A27E2BFC2E64}.Release|Any CPU.Deploy.0 = Release|Any CPU
		{2B31F5D3-3CEF-4D51-9709-A27E2BFC2E64}.Release|iPhone.ActiveCfg = Release|Any CPU
		{2B31F5D3-3CEF-4D51-9709-A27E2BFC2E64}.Release|iPhone.Build.0 = Release|Any CPU
		{2B31F5D3-3CEF-4D51-9709-A27E2BFC2E64}.Release|iPhone.Deploy.0 = Release|Any CPU
		{2B31F5D3-3CEF-4D51-9709-A27E2BFC2E64}.Release|iPhoneSimulator.ActiveCfg = Release|Any CPU
		{2B31F5D3-3CEF-4D51-9709-A27E2BFC2E64}.Release|iPhoneSimulator.Build.0 = Release|Any CPU
		{2B31F5D3-3CEF-4D51-9709-A27E2BFC2E64}.Release|iPhoneSimulator.Deploy.0 = Release|Any CPU
		{9F85F70D-58C5-4FFB-B3CA-C14A83916676}.Ad-Hoc|Any CPU.ActiveCfg = Ad-Hoc|iPhone
		{9F85F70D-58C5-4FFB-B3CA-C14A83916676}.Ad-Hoc|iPhone.ActiveCfg = Ad-Hoc|iPhone
		{9F85F70D-58C5-4FFB-B3CA-C14A83916676}.Ad-Hoc|iPhone.Build.0 = Ad-Hoc|iPhone
		{9F85F70D-58C5-4FFB-B3CA-C14A83916676}.Ad-Hoc|iPhoneSimulator.ActiveCfg = Ad-Hoc|iPhoneSimulator
		{9F85F70D-58C5-4FFB-B3CA-C14A83916676}.Ad-Hoc|iPhoneSimulator.Build.0 = Ad-Hoc|iPhoneSimulator
		{9F85F70D-58C5-4FFB-B3CA-C14A83916676}.AppStore|Any CPU.ActiveCfg = AppStore|iPhone
		{9F85F70D-58C5-4FFB-B3CA-C14A83916676}.AppStore|iPhone.ActiveCfg = AppStore|iPhone
		{9F85F70D-58C5-4FFB-B3CA-C14A83916676}.AppStore|iPhone.Build.0 = AppStore|iPhone
		{9F85F70D-58C5-4FFB-B3CA-C14A83916676}.AppStore|iPhoneSimulator.ActiveCfg = AppStore|iPhoneSimulator
		{9F85F70D-58C5-4FFB-B3CA-C14A83916676}.AppStore|iPhoneSimulator.Build.0 = AppStore|iPhoneSimulator
		{9F85F70D-58C5-4FFB-B3CA-C14A83916676}.Debug|Any CPU.ActiveCfg = Debug|iPhone
		{9F85F70D-58C5-4FFB-B3CA-C14A83916676}.Debug|Any CPU.Build.0 = Debug|iPhone
		{9F85F70D-58C5-4FFB-B3CA-C14A83916676}.Debug|iPhone.ActiveCfg = Debug|iPhone
		{9F85F70D-58C5-4FFB-B3CA-C14A83916676}.Debug|iPhone.Build.0 = Debug|iPhone
		{9F85F70D-58C5-4FFB-B3CA-C14A83916676}.Debug|iPhoneSimulator.ActiveCfg = Debug|iPhoneSimulator
		{9F85F70D-58C5-4FFB-B3CA-C14A83916676}.Debug|iPhoneSimulator.Build.0 = Debug|iPhoneSimulator
		{9F85F70D-58C5-4FFB-B3CA-C14A83916676}.Release|Any CPU.ActiveCfg = Release|iPhone
		{9F85F70D-58C5-4FFB-B3CA-C14A83916676}.Release|iPhone.ActiveCfg = Release|iPhone
		{9F85F70D-58C5-4FFB-B3CA-C14A83916676}.Release|iPhone.Build.0 = Release|iPhone
		{9F85F70D-58C5-4FFB-B3CA-C14A83916676}.Release|iPhoneSimulator.ActiveCfg = Release|iPhoneSimulator
		{9F85F70D-58C5-4FFB-B3CA-C14A83916676}.Release|iPhoneSimulator.Build.0 = Release|iPhoneSimulator
	EndGlobalSection
	GlobalSection(SolutionProperties) = preSolution
		HideSolutionNode = FALSE
	EndGlobalSection
	GlobalSection(ExtensibilityGlobals) = postSolution
		SolutionGuid = {4F2328BA-9D73-4ECC-BD6D-6781965B9212}
	EndGlobalSection
EndGlobal
